
Microsoft Visual Studio Solution File, Format Version 12.00
# Visual Studio Version 16
VisualStudioVersion = 16.0.29319.158
MinimumVisualStudioVersion = 10.0.40219.1
Project("{9A19103F-16F7-4668-BE54-9A1E7A4F7556}") = "Shop.Model", "Shop.BL\Shop.Model.csproj", "{59C252E6-10E9-4A49-AB1D-C1BF24F96470}"
EndProject
Project("{9A19103F-16F7-4668-BE54-9A1E7A4F7556}") = "Shop.Repo", "Shop.Repo\Shop.Repo.csproj", "{8EFBA3FF-F89D-4F2F-B223-8D293ADEA636}"
EndProject
Project("{9A19103F-16F7-4668-BE54-9A1E7A4F7556}") = "Shop.DTO", "Shop.DTO\Shop.DTO.csproj", "{05AD9F3A-4197-4D93-BB46-6B3B87AF110D}"
EndProject
Project("{9A19103F-16F7-4668-BE54-9A1E7A4F7556}") = "Shop.Core", "Shop.Core\Shop.Core.csproj", "{F16AF5BD-3766-416E-891E-02832178195A}"
EndProject
Project("{FAE04EC0-301F-11D3-BF4B-00C04F79EFBC}") = "Shop.UI", "Shop.UI\Shop.UI.csproj", "{24034B6B-2A96-499B-AB8F-D42CB68E4D00}"
EndProject
Project("{FAE04EC0-301F-11D3-BF4B-00C04F79EFBC}") = "Shop.WebAPI", "Shop.WebAPI\Shop.WebAPI.csproj", "{0DC26712-5BC6-4182-B8B3-3938CA1359EE}"
EndProject
Global
	GlobalSection(SolutionConfigurationPlatforms) = preSolution
		Debug|Any CPU = Debug|Any CPU
		Release|Any CPU = Release|Any CPU
	EndGlobalSection
	GlobalSection(ProjectConfigurationPlatforms) = postSolution
		{59C252E6-10E9-4A49-AB1D-C1BF24F96470}.Debug|Any CPU.ActiveCfg = Debug|Any CPU
		{59C252E6-10E9-4A49-AB1D-C1BF24F96470}.Debug|Any CPU.Build.0 = Debug|Any CPU
		{59C252E6-10E9-4A49-AB1D-C1BF24F96470}.Release|Any CPU.ActiveCfg = Release|Any CPU
		{59C252E6-10E9-4A49-AB1D-C1BF24F96470}.Release|Any CPU.Build.0 = Release|Any CPU
		{8EFBA3FF-F89D-4F2F-B223-8D293ADEA636}.Debug|Any CPU.ActiveCfg = Debug|Any CPU
		{8EFBA3FF-F89D-4F2F-B223-8D293ADEA636}.Debug|Any CPU.Build.0 = Debug|Any CPU
		{8EFBA3FF-F89D-4F2F-B223-8D293ADEA636}.Release|Any CPU.ActiveCfg = Release|Any CPU
		{8EFBA3FF-F89D-4F2F-B223-8D293ADEA636}.Release|Any CPU.Build.0 = Release|Any CPU
		{05AD9F3A-4197-4D93-BB46-6B3B87AF110D}.Debug|Any CPU.ActiveCfg = Debug|Any CPU
		{05AD9F3A-4197-4D93-BB46-6B3B87AF110D}.Debug|Any CPU.Build.0 = Debug|Any CPU
		{05AD9F3A-4197-4D93-BB46-6B3B87AF110D}.Release|Any CPU.ActiveCfg = Release|Any CPU
		{05AD9F3A-4197-4D93-BB46-6B3B87AF110D}.Release|Any CPU.Build.0 = Release|Any CPU
		{F16AF5BD-3766-416E-891E-02832178195A}.Debug|Any CPU.ActiveCfg = Debug|Any CPU
		{F16AF5BD-3766-416E-891E-02832178195A}.Debug|Any CPU.Build.0 = Debug|Any CPU
		{F16AF5BD-3766-416E-891E-02832178195A}.Release|Any CPU.ActiveCfg = Release|Any CPU
		{F16AF5BD-3766-416E-891E-02832178195A}.Release|Any CPU.Build.0 = Release|Any CPU
		{24034B6B-2A96-499B-AB8F-D42CB68E4D00}.Debug|Any CPU.ActiveCfg = Debug|Any CPU
		{24034B6B-2A96-499B-AB8F-D42CB68E4D00}.Debug|Any CPU.Build.0 = Debug|Any CPU
		{24034B6B-2A96-499B-AB8F-D42CB68E4D00}.Release|Any CPU.ActiveCfg = Release|Any CPU
		{24034B6B-2A96-499B-AB8F-D42CB68E4D00}.Release|Any CPU.Build.0 = Release|Any CPU
		{0DC26712-5BC6-4182-B8B3-3938CA1359EE}.Debug|Any CPU.ActiveCfg = Debug|Any CPU
		{0DC26712-5BC6-4182-B8B3-3938CA1359EE}.Debug|Any CPU.Build.0 = Debug|Any CPU
		{0DC26712-5BC6-4182-B8B3-3938CA1359EE}.Release|Any CPU.ActiveCfg = Release|Any CPU
		{0DC26712-5BC6-4182-B8B3-3938CA1359EE}.Release|Any CPU.Build.0 = Release|Any CPU
	EndGlobalSection
	GlobalSection(SolutionProperties) = preSolution
		HideSolutionNode = FALSE
	EndGlobalSection
	GlobalSection(ExtensibilityGlobals) = postSolution
		SolutionGuid = {FFD2BF81-D984-4FAA-BD68-829044400631}
	EndGlobalSection
EndGlobal
